
Microsoft Visual Studio Solution File, Format Version 12.00
# Visual Studio Version 17
VisualStudioVersion = 17.5.002.0
MinimumVisualStudioVersion = 10.0.40219.1
Project("{FAE04EC0-301F-11D3-BF4B-00C04F79EFBC}") = "SnTsTypeGenerator", "SnTsTypeGenerator\SnTsTypeGenerator.csproj", "{623945D4-8BB7-4498-A3CF-7CD0AAA7333B}"
EndProject
Project("{FAE04EC0-301F-11D3-BF4B-00C04F79EFBC}") = "IPRangeHelper", "IPRangeHelper\IPRangeHelper.csproj", "{DEE09D10-81A3-4809-B42E-6737B5772F1F}"
EndProject
Project("{FAE04EC0-301F-11D3-BF4B-00C04F79EFBC}") = "IPRangeHelperTests", "IPRangeHelperTests\IPRangeHelperTests.csproj", "{9AFA0ACF-EDD4-498A-9479-058C0925B330}"
EndProject
Global
	GlobalSection(SolutionProperties) = preSolution
		HideSolutionNode = FALSE
	EndGlobalSection
	GlobalSection(ExtensibilityGlobals) = postSolution
		SolutionGuid = {C0D77821-99AC-4551-B2A8-A9AAC97FDB89}
	EndGlobalSection
	GlobalSection(SolutionConfigurationPlatforms) = preSolution
		Debug|Any CPU = Debug|Any CPU
		Debug|x64 = Debug|x64
		Debug|x86 = Debug|x86
		Release|Any CPU = Release|Any CPU
		Release|x64 = Release|x64
		Release|x86 = Release|x86
	EndGlobalSection
	GlobalSection(ProjectConfigurationPlatforms) = postSolution
		{623945D4-8BB7-4498-A3CF-7CD0AAA7333B}.Debug|Any CPU.ActiveCfg = Debug|Any CPU
		{623945D4-8BB7-4498-A3CF-7CD0AAA7333B}.Debug|Any CPU.Build.0 = Debug|Any CPU
		{623945D4-8BB7-4498-A3CF-7CD0AAA7333B}.Debug|x64.ActiveCfg = Debug|Any CPU
		{623945D4-8BB7-4498-A3CF-7CD0AAA7333B}.Debug|x64.Build.0 = Debug|Any CPU
		{623945D4-8BB7-4498-A3CF-7CD0AAA7333B}.Debug|x86.ActiveCfg = Debug|Any CPU
		{623945D4-8BB7-4498-A3CF-7CD0AAA7333B}.Debug|x86.Build.0 = Debug|Any CPU
		{623945D4-8BB7-4498-A3CF-7CD0AAA7333B}.Release|Any CPU.ActiveCfg = Release|Any CPU
		{623945D4-8BB7-4498-A3CF-7CD0AAA7333B}.Release|Any CPU.Build.0 = Release|Any CPU
		{623945D4-8BB7-4498-A3CF-7CD0AAA7333B}.Release|x64.ActiveCfg = Release|Any CPU
		{623945D4-8BB7-4498-A3CF-7CD0AAA7333B}.Release|x64.Build.0 = Release|Any CPU
		{623945D4-8BB7-4498-A3CF-7CD0AAA7333B}.Release|x86.ActiveCfg = Release|Any CPU
		{623945D4-8BB7-4498-A3CF-7CD0AAA7333B}.Release|x86.Build.0 = Release|Any CPU
		{DEE09D10-81A3-4809-B42E-6737B5772F1F}.Debug|Any CPU.ActiveCfg = Debug|Any CPU
		{DEE09D10-81A3-4809-B42E-6737B5772F1F}.Debug|Any CPU.Build.0 = Debug|Any CPU
		{DEE09D10-81A3-4809-B42E-6737B5772F1F}.Debug|x64.ActiveCfg = Debug|Any CPU
		{DEE09D10-81A3-4809-B42E-6737B5772F1F}.Debug|x64.Build.0 = Debug|Any CPU
		{DEE09D10-81A3-4809-B42E-6737B5772F1F}.Debug|x86.ActiveCfg = Debug|Any CPU
		{DEE09D10-81A3-4809-B42E-6737B5772F1F}.Debug|x86.Build.0 = Debug|Any CPU
		{DEE09D10-81A3-4809-B42E-6737B5772F1F}.Release|Any CPU.ActiveCfg = Release|Any CPU
		{DEE09D10-81A3-4809-B42E-6737B5772F1F}.Release|Any CPU.Build.0 = Release|Any CPU
		{DEE09D10-81A3-4809-B42E-6737B5772F1F}.Release|x64.ActiveCfg = Release|Any CPU
		{DEE09D10-81A3-4809-B42E-6737B5772F1F}.Release|x64.Build.0 = Release|Any CPU
		{DEE09D10-81A3-4809-B42E-6737B5772F1F}.Release|x86.ActiveCfg = Release|Any CPU
		{DEE09D10-81A3-4809-B42E-6737B5772F1F}.Release|x86.Build.0 = Release|Any CPU
		{9AFA0ACF-EDD4-498A-9479-058C0925B330}.Debug|Any CPU.ActiveCfg = Debug|Any CPU
		{9AFA0ACF-EDD4-498A-9479-058C0925B330}.Debug|Any CPU.Build.0 = Debug|Any CPU
		{9AFA0ACF-EDD4-498A-9479-058C0925B330}.Debug|x64.ActiveCfg = Debug|Any CPU
		{9AFA0ACF-EDD4-498A-9479-058C0925B330}.Debug|x64.Build.0 = Debug|Any CPU
		{9AFA0ACF-EDD4-498A-9479-058C0925B330}.Debug|x86.ActiveCfg = Debug|Any CPU
		{9AFA0ACF-EDD4-498A-9479-058C0925B330}.Debug|x86.Build.0 = Debug|Any CPU
		{9AFA0ACF-EDD4-498A-9479-058C0925B330}.Release|Any CPU.ActiveCfg = Release|Any CPU
		{9AFA0ACF-EDD4-498A-9479-058C0925B330}.Release|Any CPU.Build.0 = Release|Any CPU
		{9AFA0ACF-EDD4-498A-9479-058C0925B330}.Release|x64.ActiveCfg = Release|Any CPU
		{9AFA0ACF-EDD4-498A-9479-058C0925B330}.Release|x64.Build.0 = Release|Any CPU
		{9AFA0ACF-EDD4-498A-9479-058C0925B330}.Release|x86.ActiveCfg = Release|Any CPU
		{9AFA0ACF-EDD4-498A-9479-058C0925B330}.Release|x86.Build.0 = Release|Any CPU
	EndGlobalSection
EndGlobal
